// !$*UTF8*$!
{
	archiveVersion = 1;
	classes = {
	};
	objectVersion = 52;
	objects = {

/* Begin PBXBuildFile section */
		4153614124BE201200050748 /* CovidKotlinNativeApp.swift in Sources */ = {isa = PBXBuildFile; fileRef = 4153614024BE201200050748 /* CovidKotlinNativeApp.swift */; };
		4153614324BE201200050748 /* StateListView.swift in Sources */ = {isa = PBXBuildFile; fileRef = 4153614224BE201200050748 /* StateListView.swift */; };
		4153614524BE201300050748 /* Assets.xcassets in Resources */ = {isa = PBXBuildFile; fileRef = 4153614424BE201300050748 /* Assets.xcassets */; };
		4153614824BE201300050748 /* Preview Assets.xcassets in Resources */ = {isa = PBXBuildFile; fileRef = 4153614724BE201300050748 /* Preview Assets.xcassets */; };
		4153615324BE201300050748 /* CovidKotlinNativeTests.swift in Sources */ = {isa = PBXBuildFile; fileRef = 4153615224BE201300050748 /* CovidKotlinNativeTests.swift */; };
		4153615E24BE201300050748 /* CovidKotlinNativeUITests.swift in Sources */ = {isa = PBXBuildFile; fileRef = 4153615D24BE201300050748 /* CovidKotlinNativeUITests.swift */; };
		4153617B24BE315300050748 /* StateDataView.swift in Sources */ = {isa = PBXBuildFile; fileRef = 4153617A24BE315300050748 /* StateDataView.swift */; };
		4153617D24BE322600050748 /* StateDailyDataView.swift in Sources */ = {isa = PBXBuildFile; fileRef = 4153617C24BE322600050748 /* StateDailyDataView.swift */; };
		4153617F24BE3E5A00050748 /* CovidTrackingShared.framework in Frameworks */ = {isa = PBXBuildFile; fileRef = 4153617E24BE3E5A00050748 /* CovidTrackingShared.framework */; };
		4153618024BE3E5A00050748 /* CovidTrackingShared.framework in Embed Frameworks */ = {isa = PBXBuildFile; fileRef = 4153617E24BE3E5A00050748 /* CovidTrackingShared.framework */; settings = {ATTRIBUTES = (CodeSignOnCopy, RemoveHeadersOnCopy, ); }; };
		41BC7D6124C876530079FE8E /* AppDelegate.swift in Sources */ = {isa = PBXBuildFile; fileRef = 41BC7D6024C876530079FE8E /* AppDelegate.swift */; };
		41BC7D6324C876540079FE8E /* ContentView.swift in Sources */ = {isa = PBXBuildFile; fileRef = 41BC7D6224C876540079FE8E /* ContentView.swift */; };
		41BC7D6524C876550079FE8E /* Assets.xcassets in Resources */ = {isa = PBXBuildFile; fileRef = 41BC7D6424C876550079FE8E /* Assets.xcassets */; };
		41BC7D6824C876550079FE8E /* Preview Assets.xcassets in Resources */ = {isa = PBXBuildFile; fileRef = 41BC7D6724C876550079FE8E /* Preview Assets.xcassets */; };
		41BC7D6B24C876550079FE8E /* Main.storyboard in Resources */ = {isa = PBXBuildFile; fileRef = 41BC7D6924C876550079FE8E /* Main.storyboard */; };
		41BC7D7724C876550079FE8E /* COVID_US_MacTests.swift in Sources */ = {isa = PBXBuildFile; fileRef = 41BC7D7624C876550079FE8E /* COVID_US_MacTests.swift */; };
		41BC7D8224C876550079FE8E /* COVID_US_MacUITests.swift in Sources */ = {isa = PBXBuildFile; fileRef = 41BC7D8124C876550079FE8E /* COVID_US_MacUITests.swift */; };
		41BC7D8D24C8766D0079FE8E /* StateDailyDataView.swift in Sources */ = {isa = PBXBuildFile; fileRef = 4153617C24BE322600050748 /* StateDailyDataView.swift */; };
		41BC7D8F24C8766D0079FE8E /* StateListView.swift in Sources */ = {isa = PBXBuildFile; fileRef = 4153614224BE201200050748 /* StateListView.swift */; };
		41BC7D9024C8766D0079FE8E /* StateDataView.swift in Sources */ = {isa = PBXBuildFile; fileRef = 4153617A24BE315300050748 /* StateDataView.swift */; };
		41BC7D9124C8766D0079FE8E /* SearchBar.swift in Sources */ = {isa = PBXBuildFile; fileRef = 41F82A7124C61EF900B08469 /* SearchBar.swift */; };
		41BC7D9224C8766D0079FE8E /* StateDailyDataPointView.swift in Sources */ = {isa = PBXBuildFile; fileRef = 41EF6B4024C78C4A004566C8 /* StateDailyDataPointView.swift */; };
		41BC7D9524C877F50079FE8E /* CovidTrackingShared.framework in Frameworks */ = {isa = PBXBuildFile; fileRef = 41BC7D9424C877F50079FE8E /* CovidTrackingShared.framework */; };
		41BC7D9624C877F50079FE8E /* CovidTrackingShared.framework in Embed Frameworks */ = {isa = PBXBuildFile; fileRef = 41BC7D9424C877F50079FE8E /* CovidTrackingShared.framework */; settings = {ATTRIBUTES = (CodeSignOnCopy, RemoveHeadersOnCopy, ); }; };
		41BC7D9924C879690079FE8E /* ViewExtensions.swift in Sources */ = {isa = PBXBuildFile; fileRef = 41BC7D9824C879690079FE8E /* ViewExtensions.swift */; };
		41BC7D9A24C8796A0079FE8E /* ViewExtensions.swift in Sources */ = {isa = PBXBuildFile; fileRef = 41BC7D9824C879690079FE8E /* ViewExtensions.swift */; };
		41BC7D9B24C8796A0079FE8E /* ViewExtensions.swift in Sources */ = {isa = PBXBuildFile; fileRef = 41BC7D9824C879690079FE8E /* ViewExtensions.swift */; };
		41EF6B4124C78C4A004566C8 /* StateDailyDataPointView.swift in Sources */ = {isa = PBXBuildFile; fileRef = 41EF6B4024C78C4A004566C8 /* StateDailyDataPointView.swift */; };
		41EF6B4224C78C4A004566C8 /* StateDailyDataPointView.swift in Sources */ = {isa = PBXBuildFile; fileRef = 41EF6B4024C78C4A004566C8 /* StateDailyDataPointView.swift */; };
		41F82A7224C61EF900B08469 /* SearchBar.swift in Sources */ = {isa = PBXBuildFile; fileRef = 41F82A7124C61EF900B08469 /* SearchBar.swift */; };
		41F82A7324C61F0000B08469 /* SearchBar.swift in Sources */ = {isa = PBXBuildFile; fileRef = 41F82A7124C61EF900B08469 /* SearchBar.swift */; };
		41FC770724C0C97700AD93A6 /* SwiftUICharts in Frameworks */ = {isa = PBXBuildFile; productRef = 41FC770624C0C97700AD93A6 /* SwiftUICharts */; };
		41FC770924C0C99000AD93A6 /* StateCharts.swift in Sources */ = {isa = PBXBuildFile; fileRef = 41FC770824C0C99000AD93A6 /* StateCharts.swift */; };
		41FC771124C0D48F00AD93A6 /* AppDelegate.swift in Sources */ = {isa = PBXBuildFile; fileRef = 41FC771024C0D48F00AD93A6 /* AppDelegate.swift */; };
		41FC771324C0D48F00AD93A6 /* SceneDelegate.swift in Sources */ = {isa = PBXBuildFile; fileRef = 41FC771224C0D48F00AD93A6 /* SceneDelegate.swift */; };
		41FC771524C0D48F00AD93A6 /* ContentView.swift in Sources */ = {isa = PBXBuildFile; fileRef = 41FC771424C0D48F00AD93A6 /* ContentView.swift */; };
		41FC771724C0D49100AD93A6 /* Assets.xcassets in Resources */ = {isa = PBXBuildFile; fileRef = 41FC771624C0D49100AD93A6 /* Assets.xcassets */; };
		41FC771A24C0D49100AD93A6 /* Preview Assets.xcassets in Resources */ = {isa = PBXBuildFile; fileRef = 41FC771924C0D49100AD93A6 /* Preview Assets.xcassets */; };
		41FC771D24C0D49100AD93A6 /* LaunchScreen.storyboard in Resources */ = {isa = PBXBuildFile; fileRef = 41FC771B24C0D49100AD93A6 /* LaunchScreen.storyboard */; };
		41FC772824C0D49100AD93A6 /* COVID_USTests.swift in Sources */ = {isa = PBXBuildFile; fileRef = 41FC772724C0D49100AD93A6 /* COVID_USTests.swift */; };
		41FC773324C0D49100AD93A6 /* COVID_USUITests.swift in Sources */ = {isa = PBXBuildFile; fileRef = 41FC773224C0D49100AD93A6 /* COVID_USUITests.swift */; };
		41FC773F24C0D4DE00AD93A6 /* StateDataView.swift in Sources */ = {isa = PBXBuildFile; fileRef = 4153617A24BE315300050748 /* StateDataView.swift */; };
		41FC774024C0D4DE00AD93A6 /* StateDailyDataView.swift in Sources */ = {isa = PBXBuildFile; fileRef = 4153617C24BE322600050748 /* StateDailyDataView.swift */; };
		41FC774124C0D4DE00AD93A6 /* StateListView.swift in Sources */ = {isa = PBXBuildFile; fileRef = 4153614224BE201200050748 /* StateListView.swift */; };
		41FC774224C0D4DE00AD93A6 /* StateCharts.swift in Sources */ = {isa = PBXBuildFile; fileRef = 41FC770824C0C99000AD93A6 /* StateCharts.swift */; };
		41FC774324C0D50C00AD93A6 /* CovidTrackingShared.framework in Frameworks */ = {isa = PBXBuildFile; fileRef = 4153617E24BE3E5A00050748 /* CovidTrackingShared.framework */; };
		41FC774424C0D50C00AD93A6 /* CovidTrackingShared.framework in Embed Frameworks */ = {isa = PBXBuildFile; fileRef = 4153617E24BE3E5A00050748 /* CovidTrackingShared.framework */; settings = {ATTRIBUTES = (CodeSignOnCopy, RemoveHeadersOnCopy, ); }; };
		41FC774724C0D55A00AD93A6 /* SwiftUICharts in Frameworks */ = {isa = PBXBuildFile; productRef = 41FC774624C0D55A00AD93A6 /* SwiftUICharts */; };
/* End PBXBuildFile section */

/* Begin PBXContainerItemProxy section */
		4153614F24BE201300050748 /* PBXContainerItemProxy */ = {
			isa = PBXContainerItemProxy;
			containerPortal = 4153613524BE201200050748 /* Project object */;
			proxyType = 1;
			remoteGlobalIDString = 4153613C24BE201200050748;
			remoteInfo = CovidKotlinNative;
		};
		4153615A24BE201300050748 /* PBXContainerItemProxy */ = {
			isa = PBXContainerItemProxy;
			containerPortal = 4153613524BE201200050748 /* Project object */;
			proxyType = 1;
			remoteGlobalIDString = 4153613C24BE201200050748;
			remoteInfo = CovidKotlinNative;
		};
		41BC7D7324C876550079FE8E /* PBXContainerItemProxy */ = {
			isa = PBXContainerItemProxy;
			containerPortal = 4153613524BE201200050748 /* Project object */;
			proxyType = 1;
			remoteGlobalIDString = 41BC7D5D24C876530079FE8E;
			remoteInfo = "COVID US Mac";
		};
		41BC7D7E24C876550079FE8E /* PBXContainerItemProxy */ = {
			isa = PBXContainerItemProxy;
			containerPortal = 4153613524BE201200050748 /* Project object */;
			proxyType = 1;
			remoteGlobalIDString = 41BC7D5D24C876530079FE8E;
			remoteInfo = "COVID US Mac";
		};
		41FC772424C0D49100AD93A6 /* PBXContainerItemProxy */ = {
			isa = PBXContainerItemProxy;
			containerPortal = 4153613524BE201200050748 /* Project object */;
			proxyType = 1;
			remoteGlobalIDString = 41FC770D24C0D48F00AD93A6;
			remoteInfo = "COVID US";
		};
		41FC772F24C0D49100AD93A6 /* PBXContainerItemProxy */ = {
			isa = PBXContainerItemProxy;
			containerPortal = 4153613524BE201200050748 /* Project object */;
			proxyType = 1;
			remoteGlobalIDString = 41FC770D24C0D48F00AD93A6;
			remoteInfo = "COVID US";
		};
/* End PBXContainerItemProxy section */

/* Begin PBXCopyFilesBuildPhase section */
		4153618124BE3E5A00050748 /* Embed Frameworks */ = {
			isa = PBXCopyFilesBuildPhase;
			buildActionMask = 2147483647;
			dstPath = "";
			dstSubfolderSpec = 10;
			files = (
				4153618024BE3E5A00050748 /* CovidTrackingShared.framework in Embed Frameworks */,
			);
			name = "Embed Frameworks";
			runOnlyForDeploymentPostprocessing = 0;
		};
		41BC7D9724C877F50079FE8E /* Embed Frameworks */ = {
			isa = PBXCopyFilesBuildPhase;
			buildActionMask = 12;
			dstPath = "";
			dstSubfolderSpec = 10;
			files = (
				41BC7D9624C877F50079FE8E /* CovidTrackingShared.framework in Embed Frameworks */,
			);
			name = "Embed Frameworks";
			runOnlyForDeploymentPostprocessing = 0;
		};
		41FC774524C0D50C00AD93A6 /* Embed Frameworks */ = {
			isa = PBXCopyFilesBuildPhase;
			buildActionMask = 2147483647;
			dstPath = "";
			dstSubfolderSpec = 10;
			files = (
				41FC774424C0D50C00AD93A6 /* CovidTrackingShared.framework in Embed Frameworks */,
			);
			name = "Embed Frameworks";
			runOnlyForDeploymentPostprocessing = 0;
		};
/* End PBXCopyFilesBuildPhase section */

/* Begin PBXFileReference section */
		4153613D24BE201200050748 /* CovidKotlinNative.app */ = {isa = PBXFileReference; explicitFileType = wrapper.application; includeInIndex = 0; path = CovidKotlinNative.app; sourceTree = BUILT_PRODUCTS_DIR; };
		4153614024BE201200050748 /* CovidKotlinNativeApp.swift */ = {isa = PBXFileReference; lastKnownFileType = sourcecode.swift; path = CovidKotlinNativeApp.swift; sourceTree = "<group>"; };
		4153614224BE201200050748 /* StateListView.swift */ = {isa = PBXFileReference; lastKnownFileType = sourcecode.swift; path = StateListView.swift; sourceTree = "<group>"; };
		4153614424BE201300050748 /* Assets.xcassets */ = {isa = PBXFileReference; lastKnownFileType = folder.assetcatalog; path = Assets.xcassets; sourceTree = "<group>"; };
		4153614724BE201300050748 /* Preview Assets.xcassets */ = {isa = PBXFileReference; lastKnownFileType = folder.assetcatalog; path = "Preview Assets.xcassets"; sourceTree = "<group>"; };
		4153614924BE201300050748 /* Info.plist */ = {isa = PBXFileReference; lastKnownFileType = text.plist.xml; path = Info.plist; sourceTree = "<group>"; };
		4153614E24BE201300050748 /* CovidKotlinNativeTests.xctest */ = {isa = PBXFileReference; explicitFileType = wrapper.cfbundle; includeInIndex = 0; path = CovidKotlinNativeTests.xctest; sourceTree = BUILT_PRODUCTS_DIR; };
		4153615224BE201300050748 /* CovidKotlinNativeTests.swift */ = {isa = PBXFileReference; lastKnownFileType = sourcecode.swift; path = CovidKotlinNativeTests.swift; sourceTree = "<group>"; };
		4153615424BE201300050748 /* Info.plist */ = {isa = PBXFileReference; lastKnownFileType = text.plist.xml; path = Info.plist; sourceTree = "<group>"; };
		4153615924BE201300050748 /* CovidKotlinNativeUITests.xctest */ = {isa = PBXFileReference; explicitFileType = wrapper.cfbundle; includeInIndex = 0; path = CovidKotlinNativeUITests.xctest; sourceTree = BUILT_PRODUCTS_DIR; };
		4153615D24BE201300050748 /* CovidKotlinNativeUITests.swift */ = {isa = PBXFileReference; lastKnownFileType = sourcecode.swift; path = CovidKotlinNativeUITests.swift; sourceTree = "<group>"; };
		4153615F24BE201300050748 /* Info.plist */ = {isa = PBXFileReference; lastKnownFileType = text.plist.xml; path = Info.plist; sourceTree = "<group>"; };
		4153616C24BE21BE00050748 /* xcode-frameworks */ = {isa = PBXFileReference; lastKnownFileType = folder; name = "xcode-frameworks"; path = "../../build/xcode-frameworks"; sourceTree = "<group>"; };
		4153617A24BE315300050748 /* StateDataView.swift */ = {isa = PBXFileReference; lastKnownFileType = sourcecode.swift; path = StateDataView.swift; sourceTree = "<group>"; };
		4153617C24BE322600050748 /* StateDailyDataView.swift */ = {isa = PBXFileReference; lastKnownFileType = sourcecode.swift; path = StateDailyDataView.swift; sourceTree = "<group>"; };
		4153617E24BE3E5A00050748 /* CovidTrackingShared.framework */ = {isa = PBXFileReference; lastKnownFileType = wrapper.framework; name = CovidTrackingShared.framework; path = "../../build/xcode-frameworks/CovidTrackingShared.framework"; sourceTree = "<group>"; };
		41BC7D5E24C876530079FE8E /* COVID US Mac.app */ = {isa = PBXFileReference; explicitFileType = wrapper.application; includeInIndex = 0; path = "COVID US Mac.app"; sourceTree = BUILT_PRODUCTS_DIR; };
		41BC7D6024C876530079FE8E /* AppDelegate.swift */ = {isa = PBXFileReference; lastKnownFileType = sourcecode.swift; path = AppDelegate.swift; sourceTree = "<group>"; };
		41BC7D6224C876540079FE8E /* ContentView.swift */ = {isa = PBXFileReference; lastKnownFileType = sourcecode.swift; path = ContentView.swift; sourceTree = "<group>"; };
		41BC7D6424C876550079FE8E /* Assets.xcassets */ = {isa = PBXFileReference; lastKnownFileType = folder.assetcatalog; path = Assets.xcassets; sourceTree = "<group>"; };
		41BC7D6724C876550079FE8E /* Preview Assets.xcassets */ = {isa = PBXFileReference; lastKnownFileType = folder.assetcatalog; path = "Preview Assets.xcassets"; sourceTree = "<group>"; };
		41BC7D6A24C876550079FE8E /* Base */ = {isa = PBXFileReference; lastKnownFileType = file.storyboard; name = Base; path = Base.lproj/Main.storyboard; sourceTree = "<group>"; };
		41BC7D6C24C876550079FE8E /* Info.plist */ = {isa = PBXFileReference; lastKnownFileType = text.plist.xml; path = Info.plist; sourceTree = "<group>"; };
		41BC7D6D24C876550079FE8E /* COVID_US_Mac.entitlements */ = {isa = PBXFileReference; lastKnownFileType = text.plist.entitlements; path = COVID_US_Mac.entitlements; sourceTree = "<group>"; };
		41BC7D7224C876550079FE8E /* COVID US MacTests.xctest */ = {isa = PBXFileReference; explicitFileType = wrapper.cfbundle; includeInIndex = 0; path = "COVID US MacTests.xctest"; sourceTree = BUILT_PRODUCTS_DIR; };
		41BC7D7624C876550079FE8E /* COVID_US_MacTests.swift */ = {isa = PBXFileReference; lastKnownFileType = sourcecode.swift; path = COVID_US_MacTests.swift; sourceTree = "<group>"; };
		41BC7D7824C876550079FE8E /* Info.plist */ = {isa = PBXFileReference; lastKnownFileType = text.plist.xml; path = Info.plist; sourceTree = "<group>"; };
		41BC7D7D24C876550079FE8E /* COVID US MacUITests.xctest */ = {isa = PBXFileReference; explicitFileType = wrapper.cfbundle; includeInIndex = 0; path = "COVID US MacUITests.xctest"; sourceTree = BUILT_PRODUCTS_DIR; };
		41BC7D8124C876550079FE8E /* COVID_US_MacUITests.swift */ = {isa = PBXFileReference; lastKnownFileType = sourcecode.swift; path = COVID_US_MacUITests.swift; sourceTree = "<group>"; };
		41BC7D8324C876550079FE8E /* Info.plist */ = {isa = PBXFileReference; lastKnownFileType = text.plist.xml; path = Info.plist; sourceTree = "<group>"; };
		41BC7D9424C877F50079FE8E /* CovidTrackingShared.framework */ = {isa = PBXFileReference; lastKnownFileType = wrapper.framework; name = CovidTrackingShared.framework; path = "../../build/xcode-frameworks-mac/CovidTrackingShared.framework"; sourceTree = "<group>"; };
		41BC7D9824C879690079FE8E /* ViewExtensions.swift */ = {isa = PBXFileReference; lastKnownFileType = sourcecode.swift; path = ViewExtensions.swift; sourceTree = "<group>"; };
		41BC7D9C24C880B40079FE8E /* Current */ = {isa = PBXFileReference; lastKnownFileType = folder; name = Current; path = "../../build/xcode-frameworks-mac/CovidTrackingShared.framework/Versions/Current"; sourceTree = "<group>"; };
		41EF6B4024C78C4A004566C8 /* StateDailyDataPointView.swift */ = {isa = PBXFileReference; lastKnownFileType = sourcecode.swift; path = StateDailyDataPointView.swift; sourceTree = "<group>"; };
		41EF6B4324C7908D004566C8 /* COVID US.entitlements */ = {isa = PBXFileReference; lastKnownFileType = text.plist.entitlements; path = "COVID US.entitlements"; sourceTree = "<group>"; };
		41F82A7124C61EF900B08469 /* SearchBar.swift */ = {isa = PBXFileReference; lastKnownFileType = sourcecode.swift; path = SearchBar.swift; sourceTree = "<group>"; };
		41FC770824C0C99000AD93A6 /* StateCharts.swift */ = {isa = PBXFileReference; lastKnownFileType = sourcecode.swift; path = StateCharts.swift; sourceTree = "<group>"; };
		41FC770E24C0D48F00AD93A6 /* COVID US.app */ = {isa = PBXFileReference; explicitFileType = wrapper.application; includeInIndex = 0; path = "COVID US.app"; sourceTree = BUILT_PRODUCTS_DIR; };
		41FC771024C0D48F00AD93A6 /* AppDelegate.swift */ = {isa = PBXFileReference; lastKnownFileType = sourcecode.swift; path = AppDelegate.swift; sourceTree = "<group>"; };
		41FC771224C0D48F00AD93A6 /* SceneDelegate.swift */ = {isa = PBXFileReference; lastKnownFileType = sourcecode.swift; path = SceneDelegate.swift; sourceTree = "<group>"; };
		41FC771424C0D48F00AD93A6 /* ContentView.swift */ = {isa = PBXFileReference; lastKnownFileType = sourcecode.swift; path = ContentView.swift; sourceTree = "<group>"; };
		41FC771624C0D49100AD93A6 /* Assets.xcassets */ = {isa = PBXFileReference; lastKnownFileType = folder.assetcatalog; path = Assets.xcassets; sourceTree = "<group>"; };
		41FC771924C0D49100AD93A6 /* Preview Assets.xcassets */ = {isa = PBXFileReference; lastKnownFileType = folder.assetcatalog; path = "Preview Assets.xcassets"; sourceTree = "<group>"; };
		41FC771C24C0D49100AD93A6 /* Base */ = {isa = PBXFileReference; lastKnownFileType = file.storyboard; name = Base; path = Base.lproj/LaunchScreen.storyboard; sourceTree = "<group>"; };
		41FC771E24C0D49100AD93A6 /* Info.plist */ = {isa = PBXFileReference; lastKnownFileType = text.plist.xml; path = Info.plist; sourceTree = "<group>"; };
		41FC772324C0D49100AD93A6 /* COVID USTests.xctest */ = {isa = PBXFileReference; explicitFileType = wrapper.cfbundle; includeInIndex = 0; path = "COVID USTests.xctest"; sourceTree = BUILT_PRODUCTS_DIR; };
		41FC772724C0D49100AD93A6 /* COVID_USTests.swift */ = {isa = PBXFileReference; lastKnownFileType = sourcecode.swift; path = COVID_USTests.swift; sourceTree = "<group>"; };
		41FC772924C0D49100AD93A6 /* Info.plist */ = {isa = PBXFileReference; lastKnownFileType = text.plist.xml; path = Info.plist; sourceTree = "<group>"; };
		41FC772E24C0D49100AD93A6 /* COVID USUITests.xctest */ = {isa = PBXFileReference; explicitFileType = wrapper.cfbundle; includeInIndex = 0; path = "COVID USUITests.xctest"; sourceTree = BUILT_PRODUCTS_DIR; };
		41FC773224C0D49100AD93A6 /* COVID_USUITests.swift */ = {isa = PBXFileReference; lastKnownFileType = sourcecode.swift; path = COVID_USUITests.swift; sourceTree = "<group>"; };
		41FC773424C0D49100AD93A6 /* Info.plist */ = {isa = PBXFileReference; lastKnownFileType = text.plist.xml; path = Info.plist; sourceTree = "<group>"; };
/* End PBXFileReference section */

/* Begin PBXFrameworksBuildPhase section */
		4153613A24BE201200050748 /* Frameworks */ = {
			isa = PBXFrameworksBuildPhase;
			buildActionMask = 2147483647;
			files = (
				4153617F24BE3E5A00050748 /* CovidTrackingShared.framework in Frameworks */,
				41FC770724C0C97700AD93A6 /* SwiftUICharts in Frameworks */,
			);
			runOnlyForDeploymentPostprocessing = 0;
		};
		4153614B24BE201300050748 /* Frameworks */ = {
			isa = PBXFrameworksBuildPhase;
			buildActionMask = 2147483647;
			files = (
			);
			runOnlyForDeploymentPostprocessing = 0;
		};
		4153615624BE201300050748 /* Frameworks */ = {
			isa = PBXFrameworksBuildPhase;
			buildActionMask = 2147483647;
			files = (
			);
			runOnlyForDeploymentPostprocessing = 0;
		};
		41BC7D5B24C876530079FE8E /* Frameworks */ = {
			isa = PBXFrameworksBuildPhase;
			buildActionMask = 2147483647;
			files = (
				41BC7D9524C877F50079FE8E /* CovidTrackingShared.framework in Frameworks */,
			);
			runOnlyForDeploymentPostprocessing = 0;
		};
		41BC7D6F24C876550079FE8E /* Frameworks */ = {
			isa = PBXFrameworksBuildPhase;
			buildActionMask = 2147483647;
			files = (
			);
			runOnlyForDeploymentPostprocessing = 0;
		};
		41BC7D7A24C876550079FE8E /* Frameworks */ = {
			isa = PBXFrameworksBuildPhase;
			buildActionMask = 2147483647;
			files = (
			);
			runOnlyForDeploymentPostprocessing = 0;
		};
		41FC770B24C0D48F00AD93A6 /* Frameworks */ = {
			isa = PBXFrameworksBuildPhase;
			buildActionMask = 2147483647;
			files = (
				41FC774324C0D50C00AD93A6 /* CovidTrackingShared.framework in Frameworks */,
				41FC774724C0D55A00AD93A6 /* SwiftUICharts in Frameworks */,
			);
			runOnlyForDeploymentPostprocessing = 0;
		};
		41FC772024C0D49100AD93A6 /* Frameworks */ = {
			isa = PBXFrameworksBuildPhase;
			buildActionMask = 2147483647;
			files = (
			);
			runOnlyForDeploymentPostprocessing = 0;
		};
		41FC772B24C0D49100AD93A6 /* Frameworks */ = {
			isa = PBXFrameworksBuildPhase;
			buildActionMask = 2147483647;
			files = (
			);
			runOnlyForDeploymentPostprocessing = 0;
		};
/* End PBXFrameworksBuildPhase section */

/* Begin PBXGroup section */
		4153613424BE201200050748 = {
			isa = PBXGroup;
			children = (
				4153613F24BE201200050748 /* CovidKotlinNative */,
				4153615124BE201300050748 /* CovidKotlinNativeTests */,
				4153615C24BE201300050748 /* CovidKotlinNativeUITests */,
				41FC770F24C0D48F00AD93A6 /* COVID US */,
				41FC772624C0D49100AD93A6 /* COVID USTests */,
				41FC773124C0D49100AD93A6 /* COVID USUITests */,
				41BC7D5F24C876530079FE8E /* COVID US Mac */,
				41BC7D7524C876550079FE8E /* COVID US MacTests */,
				41BC7D8024C876550079FE8E /* COVID US MacUITests */,
				4153613E24BE201200050748 /* Products */,
				4153616B24BE21BE00050748 /* Frameworks */,
			);
			sourceTree = "<group>";
		};
		4153613E24BE201200050748 /* Products */ = {
			isa = PBXGroup;
			children = (
				4153613D24BE201200050748 /* CovidKotlinNative.app */,
				4153614E24BE201300050748 /* CovidKotlinNativeTests.xctest */,
				4153615924BE201300050748 /* CovidKotlinNativeUITests.xctest */,
				41FC770E24C0D48F00AD93A6 /* COVID US.app */,
				41FC772324C0D49100AD93A6 /* COVID USTests.xctest */,
				41FC772E24C0D49100AD93A6 /* COVID USUITests.xctest */,
				41BC7D5E24C876530079FE8E /* COVID US Mac.app */,
				41BC7D7224C876550079FE8E /* COVID US MacTests.xctest */,
				41BC7D7D24C876550079FE8E /* COVID US MacUITests.xctest */,
			);
			name = Products;
			sourceTree = "<group>";
		};
		4153613F24BE201200050748 /* CovidKotlinNative */ = {
			isa = PBXGroup;
			children = (
				4153614024BE201200050748 /* CovidKotlinNativeApp.swift */,
				4153614424BE201300050748 /* Assets.xcassets */,
				4153614924BE201300050748 /* Info.plist */,
				4153614624BE201300050748 /* Preview Content */,
				4153614224BE201200050748 /* StateListView.swift */,
				4153617A24BE315300050748 /* StateDataView.swift */,
				4153617C24BE322600050748 /* StateDailyDataView.swift */,
				41FC770824C0C99000AD93A6 /* StateCharts.swift */,
				41F82A7124C61EF900B08469 /* SearchBar.swift */,
				41EF6B4024C78C4A004566C8 /* StateDailyDataPointView.swift */,
				41BC7D9824C879690079FE8E /* ViewExtensions.swift */,
			);
			path = CovidKotlinNative;
			sourceTree = "<group>";
		};
		4153614624BE201300050748 /* Preview Content */ = {
			isa = PBXGroup;
			children = (
				4153614724BE201300050748 /* Preview Assets.xcassets */,
			);
			path = "Preview Content";
			sourceTree = "<group>";
		};
		4153615124BE201300050748 /* CovidKotlinNativeTests */ = {
			isa = PBXGroup;
			children = (
				4153615224BE201300050748 /* CovidKotlinNativeTests.swift */,
				4153615424BE201300050748 /* Info.plist */,
			);
			path = CovidKotlinNativeTests;
			sourceTree = "<group>";
		};
		4153615C24BE201300050748 /* CovidKotlinNativeUITests */ = {
			isa = PBXGroup;
			children = (
				4153615D24BE201300050748 /* CovidKotlinNativeUITests.swift */,
				4153615F24BE201300050748 /* Info.plist */,
			);
			path = CovidKotlinNativeUITests;
			sourceTree = "<group>";
		};
		4153616B24BE21BE00050748 /* Frameworks */ = {
			isa = PBXGroup;
			children = (
				41BC7D9C24C880B40079FE8E /* Current */,
				4153617E24BE3E5A00050748 /* CovidTrackingShared.framework */,
				41BC7D9424C877F50079FE8E /* CovidTrackingShared.framework */,
				4153616C24BE21BE00050748 /* xcode-frameworks */,
			);
			name = Frameworks;
			sourceTree = "<group>";
		};
		41BC7D5F24C876530079FE8E /* COVID US Mac */ = {
			isa = PBXGroup;
			children = (
				41BC7D6024C876530079FE8E /* AppDelegate.swift */,
				41BC7D6224C876540079FE8E /* ContentView.swift */,
				41BC7D6424C876550079FE8E /* Assets.xcassets */,
				41BC7D6924C876550079FE8E /* Main.storyboard */,
				41BC7D6C24C876550079FE8E /* Info.plist */,
				41BC7D6D24C876550079FE8E /* COVID_US_Mac.entitlements */,
				41BC7D6624C876550079FE8E /* Preview Content */,
			);
			path = "COVID US Mac";
			sourceTree = "<group>";
		};
		41BC7D6624C876550079FE8E /* Preview Content */ = {
			isa = PBXGroup;
			children = (
				41BC7D6724C876550079FE8E /* Preview Assets.xcassets */,
			);
			path = "Preview Content";
			sourceTree = "<group>";
		};
		41BC7D7524C876550079FE8E /* COVID US MacTests */ = {
			isa = PBXGroup;
			children = (
				41BC7D7624C876550079FE8E /* COVID_US_MacTests.swift */,
				41BC7D7824C876550079FE8E /* Info.plist */,
			);
			path = "COVID US MacTests";
			sourceTree = "<group>";
		};
		41BC7D8024C876550079FE8E /* COVID US MacUITests */ = {
			isa = PBXGroup;
			children = (
				41BC7D8124C876550079FE8E /* COVID_US_MacUITests.swift */,
				41BC7D8324C876550079FE8E /* Info.plist */,
			);
			path = "COVID US MacUITests";
			sourceTree = "<group>";
		};
		41FC770F24C0D48F00AD93A6 /* COVID US */ = {
			isa = PBXGroup;
			children = (
				41EF6B4324C7908D004566C8 /* COVID US.entitlements */,
				41FC771024C0D48F00AD93A6 /* AppDelegate.swift */,
				41FC771224C0D48F00AD93A6 /* SceneDelegate.swift */,
				41FC771424C0D48F00AD93A6 /* ContentView.swift */,
				41FC771624C0D49100AD93A6 /* Assets.xcassets */,
				41FC771B24C0D49100AD93A6 /* LaunchScreen.storyboard */,
				41FC771E24C0D49100AD93A6 /* Info.plist */,
				41FC771824C0D49100AD93A6 /* Preview Content */,
			);
			path = "COVID US";
			sourceTree = "<group>";
		};
		41FC771824C0D49100AD93A6 /* Preview Content */ = {
			isa = PBXGroup;
			children = (
				41FC771924C0D49100AD93A6 /* Preview Assets.xcassets */,
			);
			path = "Preview Content";
			sourceTree = "<group>";
		};
		41FC772624C0D49100AD93A6 /* COVID USTests */ = {
			isa = PBXGroup;
			children = (
				41FC772724C0D49100AD93A6 /* COVID_USTests.swift */,
				41FC772924C0D49100AD93A6 /* Info.plist */,
			);
			path = "COVID USTests";
			sourceTree = "<group>";
		};
		41FC773124C0D49100AD93A6 /* COVID USUITests */ = {
			isa = PBXGroup;
			children = (
				41FC773224C0D49100AD93A6 /* COVID_USUITests.swift */,
				41FC773424C0D49100AD93A6 /* Info.plist */,
			);
			path = "COVID USUITests";
			sourceTree = "<group>";
		};
/* End PBXGroup section */

/* Begin PBXNativeTarget section */
		4153613C24BE201200050748 /* CovidKotlinNative */ = {
			isa = PBXNativeTarget;
			buildConfigurationList = 4153616224BE201300050748 /* Build configuration list for PBXNativeTarget "CovidKotlinNative" */;
			buildPhases = (
				4153617124BE227100050748 /* Run Script */,
				4153613924BE201200050748 /* Sources */,
				4153613A24BE201200050748 /* Frameworks */,
				4153613B24BE201200050748 /* Resources */,
				4153618124BE3E5A00050748 /* Embed Frameworks */,
			);
			buildRules = (
			);
			dependencies = (
			);
			name = CovidKotlinNative;
			packageProductDependencies = (
				41FC770624C0C97700AD93A6 /* SwiftUICharts */,
			);
			productName = CovidKotlinNative;
			productReference = 4153613D24BE201200050748 /* CovidKotlinNative.app */;
			productType = "com.apple.product-type.application";
		};
		4153614D24BE201300050748 /* CovidKotlinNativeTests */ = {
			isa = PBXNativeTarget;
			buildConfigurationList = 4153616524BE201300050748 /* Build configuration list for PBXNativeTarget "CovidKotlinNativeTests" */;
			buildPhases = (
				4153614A24BE201300050748 /* Sources */,
				4153614B24BE201300050748 /* Frameworks */,
				4153614C24BE201300050748 /* Resources */,
			);
			buildRules = (
			);
			dependencies = (
				4153615024BE201300050748 /* PBXTargetDependency */,
			);
			name = CovidKotlinNativeTests;
			productName = CovidKotlinNativeTests;
			productReference = 4153614E24BE201300050748 /* CovidKotlinNativeTests.xctest */;
			productType = "com.apple.product-type.bundle.unit-test";
		};
		4153615824BE201300050748 /* CovidKotlinNativeUITests */ = {
			isa = PBXNativeTarget;
			buildConfigurationList = 4153616824BE201300050748 /* Build configuration list for PBXNativeTarget "CovidKotlinNativeUITests" */;
			buildPhases = (
				4153615524BE201300050748 /* Sources */,
				4153615624BE201300050748 /* Frameworks */,
				4153615724BE201300050748 /* Resources */,
			);
			buildRules = (
			);
			dependencies = (
				4153615B24BE201300050748 /* PBXTargetDependency */,
			);
			name = CovidKotlinNativeUITests;
			productName = CovidKotlinNativeUITests;
			productReference = 4153615924BE201300050748 /* CovidKotlinNativeUITests.xctest */;
			productType = "com.apple.product-type.bundle.ui-testing";
		};
		41BC7D5D24C876530079FE8E /* COVID US Mac */ = {
			isa = PBXNativeTarget;
			buildConfigurationList = 41BC7D8A24C876550079FE8E /* Build configuration list for PBXNativeTarget "COVID US Mac" */;
			buildPhases = (
				41BC7D5A24C876530079FE8E /* Sources */,
				41BC7D5B24C876530079FE8E /* Frameworks */,
				41BC7D5C24C876530079FE8E /* Resources */,
				41BC7D9724C877F50079FE8E /* Embed Frameworks */,
			);
			buildRules = (
			);
			dependencies = (
			);
			name = "COVID US Mac";
			productName = "COVID US Mac";
			productReference = 41BC7D5E24C876530079FE8E /* COVID US Mac.app */;
			productType = "com.apple.product-type.application";
		};
		41BC7D7124C876550079FE8E /* COVID US MacTests */ = {
			isa = PBXNativeTarget;
			buildConfigurationList = 41BC7D8B24C876550079FE8E /* Build configuration list for PBXNativeTarget "COVID US MacTests" */;
			buildPhases = (
				41BC7D6E24C876550079FE8E /* Sources */,
				41BC7D6F24C876550079FE8E /* Frameworks */,
				41BC7D7024C876550079FE8E /* Resources */,
			);
			buildRules = (
			);
			dependencies = (
				41BC7D7424C876550079FE8E /* PBXTargetDependency */,
			);
			name = "COVID US MacTests";
			productName = "COVID US MacTests";
			productReference = 41BC7D7224C876550079FE8E /* COVID US MacTests.xctest */;
			productType = "com.apple.product-type.bundle.unit-test";
		};
		41BC7D7C24C876550079FE8E /* COVID US MacUITests */ = {
			isa = PBXNativeTarget;
			buildConfigurationList = 41BC7D8C24C876550079FE8E /* Build configuration list for PBXNativeTarget "COVID US MacUITests" */;
			buildPhases = (
				41BC7D7924C876550079FE8E /* Sources */,
				41BC7D7A24C876550079FE8E /* Frameworks */,
				41BC7D7B24C876550079FE8E /* Resources */,
			);
			buildRules = (
			);
			dependencies = (
				41BC7D7F24C876550079FE8E /* PBXTargetDependency */,
			);
			name = "COVID US MacUITests";
			productName = "COVID US MacUITests";
			productReference = 41BC7D7D24C876550079FE8E /* COVID US MacUITests.xctest */;
			productType = "com.apple.product-type.bundle.ui-testing";
		};
		41FC770D24C0D48F00AD93A6 /* COVID US */ = {
			isa = PBXNativeTarget;
			buildConfigurationList = 41FC773524C0D49100AD93A6 /* Build configuration list for PBXNativeTarget "COVID US" */;
			buildPhases = (
				41FC773E24C0D4AD00AD93A6 /* ShellScript */,
				41FC770A24C0D48F00AD93A6 /* Sources */,
				41FC770B24C0D48F00AD93A6 /* Frameworks */,
				41FC770C24C0D48F00AD93A6 /* Resources */,
				41FC774524C0D50C00AD93A6 /* Embed Frameworks */,
			);
			buildRules = (
			);
			dependencies = (
			);
			name = "COVID US";
			packageProductDependencies = (
				41FC774624C0D55A00AD93A6 /* SwiftUICharts */,
			);
			productName = "COVID US";
			productReference = 41FC770E24C0D48F00AD93A6 /* COVID US.app */;
			productType = "com.apple.product-type.application";
		};
		41FC772224C0D49100AD93A6 /* COVID USTests */ = {
			isa = PBXNativeTarget;
			buildConfigurationList = 41FC773824C0D49100AD93A6 /* Build configuration list for PBXNativeTarget "COVID USTests" */;
			buildPhases = (
				41FC771F24C0D49100AD93A6 /* Sources */,
				41FC772024C0D49100AD93A6 /* Frameworks */,
				41FC772124C0D49100AD93A6 /* Resources */,
			);
			buildRules = (
			);
			dependencies = (
				41FC772524C0D49100AD93A6 /* PBXTargetDependency */,
			);
			name = "COVID USTests";
			productName = "COVID USTests";
			productReference = 41FC772324C0D49100AD93A6 /* COVID USTests.xctest */;
			productType = "com.apple.product-type.bundle.unit-test";
		};
		41FC772D24C0D49100AD93A6 /* COVID USUITests */ = {
			isa = PBXNativeTarget;
			buildConfigurationList = 41FC773B24C0D49100AD93A6 /* Build configuration list for PBXNativeTarget "COVID USUITests" */;
			buildPhases = (
				41FC772A24C0D49100AD93A6 /* Sources */,
				41FC772B24C0D49100AD93A6 /* Frameworks */,
				41FC772C24C0D49100AD93A6 /* Resources */,
			);
			buildRules = (
			);
			dependencies = (
				41FC773024C0D49100AD93A6 /* PBXTargetDependency */,
			);
			name = "COVID USUITests";
			productName = "COVID USUITests";
			productReference = 41FC772E24C0D49100AD93A6 /* COVID USUITests.xctest */;
			productType = "com.apple.product-type.bundle.ui-testing";
		};
/* End PBXNativeTarget section */

/* Begin PBXProject section */
		4153613524BE201200050748 /* Project object */ = {
			isa = PBXProject;
			attributes = {
				LastSwiftUpdateCheck = 1200;
				LastUpgradeCheck = 1200;
				TargetAttributes = {
					4153613C24BE201200050748 = {
						CreatedOnToolsVersion = 12.0;
					};
					4153614D24BE201300050748 = {
						CreatedOnToolsVersion = 12.0;
						TestTargetID = 4153613C24BE201200050748;
					};
					4153615824BE201300050748 = {
						CreatedOnToolsVersion = 12.0;
						TestTargetID = 4153613C24BE201200050748;
					};
					41BC7D5D24C876530079FE8E = {
						CreatedOnToolsVersion = 12.0;
					};
					41BC7D7124C876550079FE8E = {
						CreatedOnToolsVersion = 12.0;
						TestTargetID = 41BC7D5D24C876530079FE8E;
					};
					41BC7D7C24C876550079FE8E = {
						CreatedOnToolsVersion = 12.0;
						TestTargetID = 41BC7D5D24C876530079FE8E;
					};
					41FC770D24C0D48F00AD93A6 = {
						CreatedOnToolsVersion = 12.0;
					};
					41FC772224C0D49100AD93A6 = {
						CreatedOnToolsVersion = 12.0;
						TestTargetID = 41FC770D24C0D48F00AD93A6;
					};
					41FC772D24C0D49100AD93A6 = {
						CreatedOnToolsVersion = 12.0;
						TestTargetID = 41FC770D24C0D48F00AD93A6;
					};
				};
			};
			buildConfigurationList = 4153613824BE201200050748 /* Build configuration list for PBXProject "CovidKotlinNative" */;
			compatibilityVersion = "Xcode 9.3";
			developmentRegion = en;
			hasScannedForEncodings = 0;
			knownRegions = (
				en,
				Base,
			);
			mainGroup = 4153613424BE201200050748;
			packageReferences = (
				41FC770524C0C97700AD93A6 /* XCRemoteSwiftPackageReference "ChartView" */,
			);
			productRefGroup = 4153613E24BE201200050748 /* Products */;
			projectDirPath = "";
			projectRoot = "";
			targets = (
				4153613C24BE201200050748 /* CovidKotlinNative */,
				4153614D24BE201300050748 /* CovidKotlinNativeTests */,
				4153615824BE201300050748 /* CovidKotlinNativeUITests */,
				41FC770D24C0D48F00AD93A6 /* COVID US */,
				41FC772224C0D49100AD93A6 /* COVID USTests */,
				41FC772D24C0D49100AD93A6 /* COVID USUITests */,
				41BC7D5D24C876530079FE8E /* COVID US Mac */,
				41BC7D7124C876550079FE8E /* COVID US MacTests */,
				41BC7D7C24C876550079FE8E /* COVID US MacUITests */,
			);
		};
/* End PBXProject section */

/* Begin PBXResourcesBuildPhase section */
		4153613B24BE201200050748 /* Resources */ = {
			isa = PBXResourcesBuildPhase;
			buildActionMask = 2147483647;
			files = (
				4153614824BE201300050748 /* Preview Assets.xcassets in Resources */,
				4153614524BE201300050748 /* Assets.xcassets in Resources */,
			);
			runOnlyForDeploymentPostprocessing = 0;
		};
		4153614C24BE201300050748 /* Resources */ = {
			isa = PBXResourcesBuildPhase;
			buildActionMask = 2147483647;
			files = (
			);
			runOnlyForDeploymentPostprocessing = 0;
		};
		4153615724BE201300050748 /* Resources */ = {
			isa = PBXResourcesBuildPhase;
			buildActionMask = 2147483647;
			files = (
			);
			runOnlyForDeploymentPostprocessing = 0;
		};
		41BC7D5C24C876530079FE8E /* Resources */ = {
			isa = PBXResourcesBuildPhase;
			buildActionMask = 2147483647;
			files = (
				41BC7D6B24C876550079FE8E /* Main.storyboard in Resources */,
				41BC7D6824C876550079FE8E /* Preview Assets.xcassets in Resources */,
				41BC7D6524C876550079FE8E /* Assets.xcassets in Resources */,
			);
			runOnlyForDeploymentPostprocessing = 0;
		};
		41BC7D7024C876550079FE8E /* Resources */ = {
			isa = PBXResourcesBuildPhase;
			buildActionMask = 2147483647;
			files = (
			);
			runOnlyForDeploymentPostprocessing = 0;
		};
		41BC7D7B24C876550079FE8E /* Resources */ = {
			isa = PBXResourcesBuildPhase;
			buildActionMask = 2147483647;
			files = (
			);
			runOnlyForDeploymentPostprocessing = 0;
		};
		41FC770C24C0D48F00AD93A6 /* Resources */ = {
			isa = PBXResourcesBuildPhase;
			buildActionMask = 2147483647;
			files = (
				41FC771D24C0D49100AD93A6 /* LaunchScreen.storyboard in Resources */,
				41FC771A24C0D49100AD93A6 /* Preview Assets.xcassets in Resources */,
				41FC771724C0D49100AD93A6 /* Assets.xcassets in Resources */,
			);
			runOnlyForDeploymentPostprocessing = 0;
		};
		41FC772124C0D49100AD93A6 /* Resources */ = {
			isa = PBXResourcesBuildPhase;
			buildActionMask = 2147483647;
			files = (
			);
			runOnlyForDeploymentPostprocessing = 0;
		};
		41FC772C24C0D49100AD93A6 /* Resources */ = {
			isa = PBXResourcesBuildPhase;
			buildActionMask = 2147483647;
			files = (
			);
			runOnlyForDeploymentPostprocessing = 0;
		};
/* End PBXResourcesBuildPhase section */

/* Begin PBXShellScriptBuildPhase section */
		4153617124BE227100050748 /* Run Script */ = {
			isa = PBXShellScriptBuildPhase;
			buildActionMask = 2147483647;
			files = (
			);
			inputFileListPaths = (
			);
			inputPaths = (
			);
			name = "Run Script";
			outputFileListPaths = (
			);
			outputPaths = (
			);
			runOnlyForDeploymentPostprocessing = 0;
			shellPath = /bin/sh;
			shellScript = "# Type a script or drag a script file from your workspace to insert its path.\ncd \"$SRCROOT/../../build/xcode-frameworks\"\nrm -rf CovidTrackingShared.framework\nrm -rf CovidTrackingShared.framework.dSYM\n./gradlew build -PXCODE_CONFIGURATION=${CONFIGURATION}\n";
		};
		41FC773E24C0D4AD00AD93A6 /* ShellScript */ = {
			isa = PBXShellScriptBuildPhase;
			buildActionMask = 2147483647;
			files = (
			);
			inputFileListPaths = (
			);
			inputPaths = (
			);
			outputFileListPaths = (
			);
			outputPaths = (
			);
			runOnlyForDeploymentPostprocessing = 0;
			shellPath = /bin/sh;
			shellScript = "# Type a script or drag a script file from your workspace to insert its path.\n# Type a script or drag a script file from your workspace to insert its path.\ncd \"$SRCROOT/../../build/xcode-frameworks\"\nrm -rf CovidTrackingShared.framework\nrm -rf CovidTrackingShared.framework.dSYM\n./gradlew build -PXCODE_CONFIGURATION=${CONFIGURATION}\n";
		};
/* End PBXShellScriptBuildPhase section */

/* Begin PBXSourcesBuildPhase section */
		4153613924BE201200050748 /* Sources */ = {
			isa = PBXSourcesBuildPhase;
			buildActionMask = 2147483647;
			files = (
				41FC770924C0C99000AD93A6 /* StateCharts.swift in Sources */,
				4153617D24BE322600050748 /* StateDailyDataView.swift in Sources */,
				41BC7D9924C879690079FE8E /* ViewExtensions.swift in Sources */,
				4153614324BE201200050748 /* StateListView.swift in Sources */,
				4153617B24BE315300050748 /* StateDataView.swift in Sources */,
				4153614124BE201200050748 /* CovidKotlinNativeApp.swift in Sources */,
				41F82A7224C61EF900B08469 /* SearchBar.swift in Sources */,
				41EF6B4124C78C4A004566C8 /* StateDailyDataPointView.swift in Sources */,
			);
			runOnlyForDeploymentPostprocessing = 0;
		};
		4153614A24BE201300050748 /* Sources */ = {
			isa = PBXSourcesBuildPhase;
			buildActionMask = 2147483647;
			files = (
				4153615324BE201300050748 /* CovidKotlinNativeTests.swift in Sources */,
			);
			runOnlyForDeploymentPostprocessing = 0;
		};
		4153615524BE201300050748 /* Sources */ = {
			isa = PBXSourcesBuildPhase;
			buildActionMask = 2147483647;
			files = (
				4153615E24BE201300050748 /* CovidKotlinNativeUITests.swift in Sources */,
			);
			runOnlyForDeploymentPostprocessing = 0;
		};
		41BC7D5A24C876530079FE8E /* Sources */ = {
			isa = PBXSourcesBuildPhase;
			buildActionMask = 2147483647;
			files = (
				41BC7D9124C8766D0079FE8E /* SearchBar.swift in Sources */,
				41BC7D6324C876540079FE8E /* ContentView.swift in Sources */,
				41BC7D9B24C8796A0079FE8E /* ViewExtensions.swift in Sources */,
				41BC7D8D24C8766D0079FE8E /* StateDailyDataView.swift in Sources */,
				41BC7D9224C8766D0079FE8E /* StateDailyDataPointView.swift in Sources */,
				41BC7D8F24C8766D0079FE8E /* StateListView.swift in Sources */,
				41BC7D9024C8766D0079FE8E /* StateDataView.swift in Sources */,
				41BC7D6124C876530079FE8E /* AppDelegate.swift in Sources */,
			);
			runOnlyForDeploymentPostprocessing = 0;
		};
		41BC7D6E24C876550079FE8E /* Sources */ = {
			isa = PBXSourcesBuildPhase;
			buildActionMask = 2147483647;
			files = (
				41BC7D7724C876550079FE8E /* COVID_US_MacTests.swift in Sources */,
			);
			runOnlyForDeploymentPostprocessing = 0;
		};
		41BC7D7924C876550079FE8E /* Sources */ = {
			isa = PBXSourcesBuildPhase;
			buildActionMask = 2147483647;
			files = (
				41BC7D8224C876550079FE8E /* COVID_US_MacUITests.swift in Sources */,
			);
			runOnlyForDeploymentPostprocessing = 0;
		};
		41FC770A24C0D48F00AD93A6 /* Sources */ = {
			isa = PBXSourcesBuildPhase;
			buildActionMask = 2147483647;
			files = (
				41FC773F24C0D4DE00AD93A6 /* StateDataView.swift in Sources */,
				41FC771124C0D48F00AD93A6 /* AppDelegate.swift in Sources */,
				41FC771324C0D48F00AD93A6 /* SceneDelegate.swift in Sources */,
				41FC774024C0D4DE00AD93A6 /* StateDailyDataView.swift in Sources */,
				41FC774224C0D4DE00AD93A6 /* StateCharts.swift in Sources */,
				41F82A7324C61F0000B08469 /* SearchBar.swift in Sources */,
				41FC774124C0D4DE00AD93A6 /* StateListView.swift in Sources */,
				41FC771524C0D48F00AD93A6 /* ContentView.swift in Sources */,
				41BC7D9A24C8796A0079FE8E /* ViewExtensions.swift in Sources */,
				41EF6B4224C78C4A004566C8 /* StateDailyDataPointView.swift in Sources */,
			);
			runOnlyForDeploymentPostprocessing = 0;
		};
		41FC771F24C0D49100AD93A6 /* Sources */ = {
			isa = PBXSourcesBuildPhase;
			buildActionMask = 2147483647;
			files = (
				41FC772824C0D49100AD93A6 /* COVID_USTests.swift in Sources */,
			);
			runOnlyForDeploymentPostprocessing = 0;
		};
		41FC772A24C0D49100AD93A6 /* Sources */ = {
			isa = PBXSourcesBuildPhase;
			buildActionMask = 2147483647;
			files = (
				41FC773324C0D49100AD93A6 /* COVID_USUITests.swift in Sources */,
			);
			runOnlyForDeploymentPostprocessing = 0;
		};
/* End PBXSourcesBuildPhase section */

/* Begin PBXTargetDependency section */
		4153615024BE201300050748 /* PBXTargetDependency */ = {
			isa = PBXTargetDependency;
			target = 4153613C24BE201200050748 /* CovidKotlinNative */;
			targetProxy = 4153614F24BE201300050748 /* PBXContainerItemProxy */;
		};
		4153615B24BE201300050748 /* PBXTargetDependency */ = {
			isa = PBXTargetDependency;
			target = 4153613C24BE201200050748 /* CovidKotlinNative */;
			targetProxy = 4153615A24BE201300050748 /* PBXContainerItemProxy */;
		};
		41BC7D7424C876550079FE8E /* PBXTargetDependency */ = {
			isa = PBXTargetDependency;
			target = 41BC7D5D24C876530079FE8E /* COVID US Mac */;
			targetProxy = 41BC7D7324C876550079FE8E /* PBXContainerItemProxy */;
		};
		41BC7D7F24C876550079FE8E /* PBXTargetDependency */ = {
			isa = PBXTargetDependency;
			target = 41BC7D5D24C876530079FE8E /* COVID US Mac */;
			targetProxy = 41BC7D7E24C876550079FE8E /* PBXContainerItemProxy */;
		};
		41FC772524C0D49100AD93A6 /* PBXTargetDependency */ = {
			isa = PBXTargetDependency;
			target = 41FC770D24C0D48F00AD93A6 /* COVID US */;
			targetProxy = 41FC772424C0D49100AD93A6 /* PBXContainerItemProxy */;
		};
		41FC773024C0D49100AD93A6 /* PBXTargetDependency */ = {
			isa = PBXTargetDependency;
			target = 41FC770D24C0D48F00AD93A6 /* COVID US */;
			targetProxy = 41FC772F24C0D49100AD93A6 /* PBXContainerItemProxy */;
		};
/* End PBXTargetDependency section */

/* Begin PBXVariantGroup section */
		41BC7D6924C876550079FE8E /* Main.storyboard */ = {
			isa = PBXVariantGroup;
			children = (
				41BC7D6A24C876550079FE8E /* Base */,
			);
			name = Main.storyboard;
			sourceTree = "<group>";
		};
		41FC771B24C0D49100AD93A6 /* LaunchScreen.storyboard */ = {
			isa = PBXVariantGroup;
			children = (
				41FC771C24C0D49100AD93A6 /* Base */,
			);
			name = LaunchScreen.storyboard;
			sourceTree = "<group>";
		};
/* End PBXVariantGroup section */

/* Begin XCBuildConfiguration section */
		4153616024BE201300050748 /* Debug */ = {
			isa = XCBuildConfiguration;
			buildSettings = {
				ALWAYS_SEARCH_USER_PATHS = NO;
				CLANG_ANALYZER_NONNULL = YES;
				CLANG_ANALYZER_NUMBER_OBJECT_CONVERSION = YES_AGGRESSIVE;
				CLANG_CXX_LANGUAGE_STANDARD = "gnu++14";
				CLANG_CXX_LIBRARY = "libc++";
				CLANG_ENABLE_MODULES = YES;
				CLANG_ENABLE_OBJC_ARC = YES;
				CLANG_ENABLE_OBJC_WEAK = YES;
				CLANG_WARN_BLOCK_CAPTURE_AUTORELEASING = YES;
				CLANG_WARN_BOOL_CONVERSION = YES;
				CLANG_WARN_COMMA = YES;
				CLANG_WARN_CONSTANT_CONVERSION = YES;
				CLANG_WARN_DEPRECATED_OBJC_IMPLEMENTATIONS = YES;
				CLANG_WARN_DIRECT_OBJC_ISA_USAGE = YES_ERROR;
				CLANG_WARN_DOCUMENTATION_COMMENTS = YES;
				CLANG_WARN_EMPTY_BODY = YES;
				CLANG_WARN_ENUM_CONVERSION = YES;
				CLANG_WARN_INFINITE_RECURSION = YES;
				CLANG_WARN_INT_CONVERSION = YES;
				CLANG_WARN_NON_LITERAL_NULL_CONVERSION = YES;
				CLANG_WARN_OBJC_IMPLICIT_RETAIN_SELF = YES;
				CLANG_WARN_OBJC_LITERAL_CONVERSION = YES;
				CLANG_WARN_OBJC_ROOT_CLASS = YES_ERROR;
				CLANG_WARN_QUOTED_INCLUDE_IN_FRAMEWORK_HEADER = YES;
				CLANG_WARN_RANGE_LOOP_ANALYSIS = YES;
				CLANG_WARN_STRICT_PROTOTYPES = YES;
				CLANG_WARN_SUSPICIOUS_MOVE = YES;
				CLANG_WARN_UNGUARDED_AVAILABILITY = YES_AGGRESSIVE;
				CLANG_WARN_UNREACHABLE_CODE = YES;
				CLANG_WARN__DUPLICATE_METHOD_MATCH = YES;
				COPY_PHASE_STRIP = NO;
				DEBUG_INFORMATION_FORMAT = dwarf;
				ENABLE_STRICT_OBJC_MSGSEND = YES;
				ENABLE_TESTABILITY = YES;
				GCC_C_LANGUAGE_STANDARD = gnu11;
				GCC_DYNAMIC_NO_PIC = NO;
				GCC_NO_COMMON_BLOCKS = YES;
				GCC_OPTIMIZATION_LEVEL = 0;
				GCC_PREPROCESSOR_DEFINITIONS = (
					"DEBUG=1",
					"$(inherited)",
				);
				GCC_WARN_64_TO_32_BIT_CONVERSION = YES;
				GCC_WARN_ABOUT_RETURN_TYPE = YES_ERROR;
				GCC_WARN_UNDECLARED_SELECTOR = YES;
				GCC_WARN_UNINITIALIZED_AUTOS = YES_AGGRESSIVE;
				GCC_WARN_UNUSED_FUNCTION = YES;
				GCC_WARN_UNUSED_VARIABLE = YES;
				IPHONEOS_DEPLOYMENT_TARGET = 14.0;
				MTL_ENABLE_DEBUG_INFO = INCLUDE_SOURCE;
				MTL_FAST_MATH = YES;
				ONLY_ACTIVE_ARCH = YES;
				SDKROOT = iphoneos;
				SWIFT_ACTIVE_COMPILATION_CONDITIONS = DEBUG;
				SWIFT_OPTIMIZATION_LEVEL = "-Onone";
			};
			name = Debug;
		};
		4153616124BE201300050748 /* Release */ = {
			isa = XCBuildConfiguration;
			buildSettings = {
				ALWAYS_SEARCH_USER_PATHS = NO;
				CLANG_ANALYZER_NONNULL = YES;
				CLANG_ANALYZER_NUMBER_OBJECT_CONVERSION = YES_AGGRESSIVE;
				CLANG_CXX_LANGUAGE_STANDARD = "gnu++14";
				CLANG_CXX_LIBRARY = "libc++";
				CLANG_ENABLE_MODULES = YES;
				CLANG_ENABLE_OBJC_ARC = YES;
				CLANG_ENABLE_OBJC_WEAK = YES;
				CLANG_WARN_BLOCK_CAPTURE_AUTORELEASING = YES;
				CLANG_WARN_BOOL_CONVERSION = YES;
				CLANG_WARN_COMMA = YES;
				CLANG_WARN_CONSTANT_CONVERSION = YES;
				CLANG_WARN_DEPRECATED_OBJC_IMPLEMENTATIONS = YES;
				CLANG_WARN_DIRECT_OBJC_ISA_USAGE = YES_ERROR;
				CLANG_WARN_DOCUMENTATION_COMMENTS = YES;
				CLANG_WARN_EMPTY_BODY = YES;
				CLANG_WARN_ENUM_CONVERSION = YES;
				CLANG_WARN_INFINITE_RECURSION = YES;
				CLANG_WARN_INT_CONVERSION = YES;
				CLANG_WARN_NON_LITERAL_NULL_CONVERSION = YES;
				CLANG_WARN_OBJC_IMPLICIT_RETAIN_SELF = YES;
				CLANG_WARN_OBJC_LITERAL_CONVERSION = YES;
				CLANG_WARN_OBJC_ROOT_CLASS = YES_ERROR;
				CLANG_WARN_QUOTED_INCLUDE_IN_FRAMEWORK_HEADER = YES;
				CLANG_WARN_RANGE_LOOP_ANALYSIS = YES;
				CLANG_WARN_STRICT_PROTOTYPES = YES;
				CLANG_WARN_SUSPICIOUS_MOVE = YES;
				CLANG_WARN_UNGUARDED_AVAILABILITY = YES_AGGRESSIVE;
				CLANG_WARN_UNREACHABLE_CODE = YES;
				CLANG_WARN__DUPLICATE_METHOD_MATCH = YES;
				COPY_PHASE_STRIP = NO;
				DEBUG_INFORMATION_FORMAT = "dwarf-with-dsym";
				ENABLE_NS_ASSERTIONS = NO;
				ENABLE_STRICT_OBJC_MSGSEND = YES;
				GCC_C_LANGUAGE_STANDARD = gnu11;
				GCC_NO_COMMON_BLOCKS = YES;
				GCC_WARN_64_TO_32_BIT_CONVERSION = YES;
				GCC_WARN_ABOUT_RETURN_TYPE = YES_ERROR;
				GCC_WARN_UNDECLARED_SELECTOR = YES;
				GCC_WARN_UNINITIALIZED_AUTOS = YES_AGGRESSIVE;
				GCC_WARN_UNUSED_FUNCTION = YES;
				GCC_WARN_UNUSED_VARIABLE = YES;
				IPHONEOS_DEPLOYMENT_TARGET = 14.0;
				MTL_ENABLE_DEBUG_INFO = NO;
				MTL_FAST_MATH = YES;
				SDKROOT = iphoneos;
				SWIFT_COMPILATION_MODE = wholemodule;
				SWIFT_OPTIMIZATION_LEVEL = "-O";
				VALIDATE_PRODUCT = YES;
			};
			name = Release;
		};
		4153616324BE201300050748 /* Debug */ = {
			isa = XCBuildConfiguration;
			buildSettings = {
				ASSETCATALOG_COMPILER_APPICON_NAME = AppIcon;
				ASSETCATALOG_COMPILER_GLOBAL_ACCENT_COLOR_NAME = AccentColor;
				CODE_SIGN_STYLE = Automatic;
				DEVELOPMENT_ASSET_PATHS = "\"CovidKotlinNative/Preview Content\"";
				DEVELOPMENT_TEAM = LL334G7KP2;
				ENABLE_PREVIEWS = YES;
				FRAMEWORK_SEARCH_PATHS = "$(SRCROOT)/../../build/xcode-frameworks";
				INFOPLIST_FILE = CovidKotlinNative/Info.plist;
				IPHONEOS_DEPLOYMENT_TARGET = 14.0;
				LD_RUNPATH_SEARCH_PATHS = (
					"$(inherited)",
					"@executable_path/Frameworks",
				);
				PRODUCT_BUNDLE_IDENTIFIER = dev.ajthom.CovidKotlinNative;
				PRODUCT_NAME = "$(TARGET_NAME)";
				SWIFT_VERSION = 5.0;
				TARGETED_DEVICE_FAMILY = "1,2";
			};
			name = Debug;
		};
		4153616424BE201300050748 /* Release */ = {
			isa = XCBuildConfiguration;
			buildSettings = {
				ASSETCATALOG_COMPILER_APPICON_NAME = AppIcon;
				ASSETCATALOG_COMPILER_GLOBAL_ACCENT_COLOR_NAME = AccentColor;
				CODE_SIGN_STYLE = Automatic;
				DEVELOPMENT_ASSET_PATHS = "\"CovidKotlinNative/Preview Content\"";
				DEVELOPMENT_TEAM = LL334G7KP2;
				ENABLE_PREVIEWS = YES;
				FRAMEWORK_SEARCH_PATHS = "$(SRCROOT)/../../build/xcode-frameworks";
				INFOPLIST_FILE = CovidKotlinNative/Info.plist;
				IPHONEOS_DEPLOYMENT_TARGET = 14.0;
				LD_RUNPATH_SEARCH_PATHS = (
					"$(inherited)",
					"@executable_path/Frameworks",
				);
				PRODUCT_BUNDLE_IDENTIFIER = dev.ajthom.CovidKotlinNative;
				PRODUCT_NAME = "$(TARGET_NAME)";
				SWIFT_VERSION = 5.0;
				TARGETED_DEVICE_FAMILY = "1,2";
			};
			name = Release;
		};
		4153616624BE201300050748 /* Debug */ = {
			isa = XCBuildConfiguration;
			buildSettings = {
				ALWAYS_EMBED_SWIFT_STANDARD_LIBRARIES = YES;
				BUNDLE_LOADER = "$(TEST_HOST)";
				CODE_SIGN_STYLE = Automatic;
				DEVELOPMENT_TEAM = LL334G7KP2;
				INFOPLIST_FILE = CovidKotlinNativeTests/Info.plist;
				IPHONEOS_DEPLOYMENT_TARGET = 14.0;
				LD_RUNPATH_SEARCH_PATHS = (
					"$(inherited)",
					"@executable_path/Frameworks",
					"@loader_path/Frameworks",
				);
				PRODUCT_BUNDLE_IDENTIFIER = dev.ajthom.CovidKotlinNativeTests;
				PRODUCT_NAME = "$(TARGET_NAME)";
				SWIFT_VERSION = 5.0;
				TARGETED_DEVICE_FAMILY = "1,2";
				TEST_HOST = "$(BUILT_PRODUCTS_DIR)/CovidKotlinNative.app/CovidKotlinNative";
			};
			name = Debug;
		};
		4153616724BE201300050748 /* Release */ = {
			isa = XCBuildConfiguration;
			buildSettings = {
				ALWAYS_EMBED_SWIFT_STANDARD_LIBRARIES = YES;
				BUNDLE_LOADER = "$(TEST_HOST)";
				CODE_SIGN_STYLE = Automatic;
				DEVELOPMENT_TEAM = LL334G7KP2;
				INFOPLIST_FILE = CovidKotlinNativeTests/Info.plist;
				IPHONEOS_DEPLOYMENT_TARGET = 14.0;
				LD_RUNPATH_SEARCH_PATHS = (
					"$(inherited)",
					"@executable_path/Frameworks",
					"@loader_path/Frameworks",
				);
				PRODUCT_BUNDLE_IDENTIFIER = dev.ajthom.CovidKotlinNativeTests;
				PRODUCT_NAME = "$(TARGET_NAME)";
				SWIFT_VERSION = 5.0;
				TARGETED_DEVICE_FAMILY = "1,2";
				TEST_HOST = "$(BUILT_PRODUCTS_DIR)/CovidKotlinNative.app/CovidKotlinNative";
			};
			name = Release;
		};
		4153616924BE201300050748 /* Debug */ = {
			isa = XCBuildConfiguration;
			buildSettings = {
				ALWAYS_EMBED_SWIFT_STANDARD_LIBRARIES = YES;
				CODE_SIGN_STYLE = Automatic;
				DEVELOPMENT_TEAM = LL334G7KP2;
				INFOPLIST_FILE = CovidKotlinNativeUITests/Info.plist;
				LD_RUNPATH_SEARCH_PATHS = (
					"$(inherited)",
					"@executable_path/Frameworks",
					"@loader_path/Frameworks",
				);
				PRODUCT_BUNDLE_IDENTIFIER = dev.ajthom.CovidKotlinNativeUITests;
				PRODUCT_NAME = "$(TARGET_NAME)";
				SWIFT_VERSION = 5.0;
				TARGETED_DEVICE_FAMILY = "1,2";
				TEST_TARGET_NAME = CovidKotlinNative;
			};
			name = Debug;
		};
		4153616A24BE201300050748 /* Release */ = {
			isa = XCBuildConfiguration;
			buildSettings = {
				ALWAYS_EMBED_SWIFT_STANDARD_LIBRARIES = YES;
				CODE_SIGN_STYLE = Automatic;
				DEVELOPMENT_TEAM = LL334G7KP2;
				INFOPLIST_FILE = CovidKotlinNativeUITests/Info.plist;
				LD_RUNPATH_SEARCH_PATHS = (
					"$(inherited)",
					"@executable_path/Frameworks",
					"@loader_path/Frameworks",
				);
				PRODUCT_BUNDLE_IDENTIFIER = dev.ajthom.CovidKotlinNativeUITests;
				PRODUCT_NAME = "$(TARGET_NAME)";
				SWIFT_VERSION = 5.0;
				TARGETED_DEVICE_FAMILY = "1,2";
				TEST_TARGET_NAME = CovidKotlinNative;
			};
			name = Release;
		};
		41BC7D8424C876550079FE8E /* Debug */ = {
			isa = XCBuildConfiguration;
			buildSettings = {
				ASSETCATALOG_COMPILER_APPICON_NAME = AppIcon;
				ASSETCATALOG_COMPILER_GLOBAL_ACCENT_COLOR_NAME = AccentColor;
				CODE_SIGN_ENTITLEMENTS = "COVID US Mac/COVID_US_Mac.entitlements";
				CODE_SIGN_IDENTITY = "Apple Development";
				CODE_SIGN_STYLE = Automatic;
				COMBINE_HIDPI_IMAGES = YES;
				DEVELOPMENT_ASSET_PATHS = "\"COVID US Mac/Preview Content\"";
				DEVELOPMENT_TEAM = LL334G7KP2;
				ENABLE_HARDENED_RUNTIME = YES;
				ENABLE_PREVIEWS = YES;
				FRAMEWORK_SEARCH_PATHS = "$(SRCROOT)/../../build/xcode-frameworks-mac";
				INFOPLIST_FILE = "COVID US Mac/Info.plist";
				LD_RUNPATH_SEARCH_PATHS = (
					"$(inherited)",
					"@executable_path/../Frameworks",
				);
				MACOSX_DEPLOYMENT_TARGET = 10.15;
				OTHER_CODE_SIGN_FLAGS = "--deep";
				PRODUCT_BUNDLE_IDENTIFIER = "dev.ajthom.COVID-US-Mac";
				PRODUCT_NAME = "$(TARGET_NAME)";
				SDKROOT = macosx;
				SWIFT_VERSION = 5.0;
			};
			name = Debug;
		};
		41BC7D8524C876550079FE8E /* Release */ = {
			isa = XCBuildConfiguration;
			buildSettings = {
				ASSETCATALOG_COMPILER_APPICON_NAME = AppIcon;
				ASSETCATALOG_COMPILER_GLOBAL_ACCENT_COLOR_NAME = AccentColor;
				CODE_SIGN_ENTITLEMENTS = "COVID US Mac/COVID_US_Mac.entitlements";
				CODE_SIGN_IDENTITY = "Apple Development";
				CODE_SIGN_STYLE = Automatic;
				COMBINE_HIDPI_IMAGES = YES;
				DEVELOPMENT_ASSET_PATHS = "\"COVID US Mac/Preview Content\"";
				DEVELOPMENT_TEAM = LL334G7KP2;
				ENABLE_HARDENED_RUNTIME = YES;
				ENABLE_PREVIEWS = YES;
				FRAMEWORK_SEARCH_PATHS = "$(SRCROOT)/../../build/xcode-frameworks-mac";
				INFOPLIST_FILE = "COVID US Mac/Info.plist";
				LD_RUNPATH_SEARCH_PATHS = (
					"$(inherited)",
					"@executable_path/../Frameworks",
				);
				MACOSX_DEPLOYMENT_TARGET = 10.15;
				OTHER_CODE_SIGN_FLAGS = "--deep";
				PRODUCT_BUNDLE_IDENTIFIER = "dev.ajthom.COVID-US-Mac";
				PRODUCT_NAME = "$(TARGET_NAME)";
				SDKROOT = macosx;
				SWIFT_VERSION = 5.0;
			};
			name = Release;
		};
		41BC7D8624C876550079FE8E /* Debug */ = {
			isa = XCBuildConfiguration;
			buildSettings = {
				ALWAYS_EMBED_SWIFT_STANDARD_LIBRARIES = YES;
				BUNDLE_LOADER = "$(TEST_HOST)";
				CODE_SIGN_STYLE = Automatic;
				COMBINE_HIDPI_IMAGES = YES;
				DEVELOPMENT_TEAM = LL334G7KP2;
				INFOPLIST_FILE = "COVID US MacTests/Info.plist";
				LD_RUNPATH_SEARCH_PATHS = (
					"$(inherited)",
					"@executable_path/../Frameworks",
					"@loader_path/../Frameworks",
				);
				MACOSX_DEPLOYMENT_TARGET = 10.15;
				PRODUCT_BUNDLE_IDENTIFIER = "dev.ajthom.COVID-US-MacTests";
				PRODUCT_NAME = "$(TARGET_NAME)";
				SDKROOT = macosx;
				SWIFT_VERSION = 5.0;
				TEST_HOST = "$(BUILT_PRODUCTS_DIR)/COVID US Mac.app/Contents/MacOS/COVID US Mac";
			};
			name = Debug;
		};
		41BC7D8724C876550079FE8E /* Release */ = {
			isa = XCBuildConfiguration;
			buildSettings = {
				ALWAYS_EMBED_SWIFT_STANDARD_LIBRARIES = YES;
				BUNDLE_LOADER = "$(TEST_HOST)";
				CODE_SIGN_STYLE = Automatic;
				COMBINE_HIDPI_IMAGES = YES;
				DEVELOPMENT_TEAM = LL334G7KP2;
				INFOPLIST_FILE = "COVID US MacTests/Info.plist";
				LD_RUNPATH_SEARCH_PATHS = (
					"$(inherited)",
					"@executable_path/../Frameworks",
					"@loader_path/../Frameworks",
				);
				MACOSX_DEPLOYMENT_TARGET = 10.15;
				PRODUCT_BUNDLE_IDENTIFIER = "dev.ajthom.COVID-US-MacTests";
				PRODUCT_NAME = "$(TARGET_NAME)";
				SDKROOT = macosx;
				SWIFT_VERSION = 5.0;
				TEST_HOST = "$(BUILT_PRODUCTS_DIR)/COVID US Mac.app/Contents/MacOS/COVID US Mac";
			};
			name = Release;
		};
		41BC7D8824C876550079FE8E /* Debug */ = {
			isa = XCBuildConfiguration;
			buildSettings = {
				ALWAYS_EMBED_SWIFT_STANDARD_LIBRARIES = YES;
				CODE_SIGN_STYLE = Automatic;
				COMBINE_HIDPI_IMAGES = YES;
				DEVELOPMENT_TEAM = LL334G7KP2;
				INFOPLIST_FILE = "COVID US MacUITests/Info.plist";
				LD_RUNPATH_SEARCH_PATHS = (
					"$(inherited)",
					"@executable_path/../Frameworks",
					"@loader_path/../Frameworks",
				);
				MACOSX_DEPLOYMENT_TARGET = 10.15;
				PRODUCT_BUNDLE_IDENTIFIER = "dev.ajthom.COVID-US-MacUITests";
				PRODUCT_NAME = "$(TARGET_NAME)";
				SDKROOT = macosx;
				SWIFT_VERSION = 5.0;
				TEST_TARGET_NAME = "COVID US Mac";
			};
			name = Debug;
		};
		41BC7D8924C876550079FE8E /* Release */ = {
			isa = XCBuildConfiguration;
			buildSettings = {
				ALWAYS_EMBED_SWIFT_STANDARD_LIBRARIES = YES;
				CODE_SIGN_STYLE = Automatic;
				COMBINE_HIDPI_IMAGES = YES;
				DEVELOPMENT_TEAM = LL334G7KP2;
				INFOPLIST_FILE = "COVID US MacUITests/Info.plist";
				LD_RUNPATH_SEARCH_PATHS = (
					"$(inherited)",
					"@executable_path/../Frameworks",
					"@loader_path/../Frameworks",
				);
				MACOSX_DEPLOYMENT_TARGET = 10.15;
				PRODUCT_BUNDLE_IDENTIFIER = "dev.ajthom.COVID-US-MacUITests";
				PRODUCT_NAME = "$(TARGET_NAME)";
				SDKROOT = macosx;
				SWIFT_VERSION = 5.0;
				TEST_TARGET_NAME = "COVID US Mac";
			};
			name = Release;
		};
		41FC773624C0D49100AD93A6 /* Debug */ = {
			isa = XCBuildConfiguration;
			buildSettings = {
				ASSETCATALOG_COMPILER_APPICON_NAME = AppIcon;
				ASSETCATALOG_COMPILER_GLOBAL_ACCENT_COLOR_NAME = AccentColor;
				CODE_SIGN_ENTITLEMENTS = "COVID US/COVID US.entitlements";
				CODE_SIGN_STYLE = Automatic;
				CURRENT_PROJECT_VERSION = 2;
				DEVELOPMENT_ASSET_PATHS = "\"COVID US/Preview Content\"";
				DEVELOPMENT_TEAM = LL334G7KP2;
				ENABLE_PREVIEWS = YES;
				FRAMEWORK_SEARCH_PATHS = "$(SRCROOT)/../../build/xcode-frameworks";
				INFOPLIST_FILE = "COVID US/Info.plist";
				IPHONEOS_DEPLOYMENT_TARGET = 13.0;
				LD_RUNPATH_SEARCH_PATHS = (
					"$(inherited)",
					"@executable_path/Frameworks",
				);
				PRODUCT_BUNDLE_IDENTIFIER = "dev.ajthom.COVID-US";
				PRODUCT_NAME = "$(TARGET_NAME)";
				SUPPORTS_MACCATALYST = NO;
				SWIFT_VERSION = 5.0;
				TARGETED_DEVICE_FAMILY = "1,2";
			};
			name = Debug;
		};
		41FC773724C0D49100AD93A6 /* Release */ = {
			isa = XCBuildConfiguration;
			buildSettings = {
				ASSETCATALOG_COMPILER_APPICON_NAME = AppIcon;
				ASSETCATALOG_COMPILER_GLOBAL_ACCENT_COLOR_NAME = AccentColor;
				CODE_SIGN_ENTITLEMENTS = "COVID US/COVID US.entitlements";
				CODE_SIGN_STYLE = Automatic;
				CURRENT_PROJECT_VERSION = 2;
				DEVELOPMENT_ASSET_PATHS = "\"COVID US/Preview Content\"";
				DEVELOPMENT_TEAM = LL334G7KP2;
				ENABLE_PREVIEWS = YES;
				FRAMEWORK_SEARCH_PATHS = "$(SRCROOT)/../../build/xcode-frameworks";
				INFOPLIST_FILE = "COVID US/Info.plist";
				IPHONEOS_DEPLOYMENT_TARGET = 13.0;
				LD_RUNPATH_SEARCH_PATHS = (
					"$(inherited)",
					"@executable_path/Frameworks",
				);
				PRODUCT_BUNDLE_IDENTIFIER = "dev.ajthom.COVID-US";
				PRODUCT_NAME = "$(TARGET_NAME)";
				SUPPORTS_MACCATALYST = NO;
				SWIFT_VERSION = 5.0;
				TARGETED_DEVICE_FAMILY = "1,2";
			};
			name = Release;
		};
		41FC773924C0D49100AD93A6 /* Debug */ = {
			isa = XCBuildConfiguration;
			buildSettings = {
				ALWAYS_EMBED_SWIFT_STANDARD_LIBRARIES = YES;
				BUNDLE_LOADER = "$(TEST_HOST)";
				CODE_SIGN_STYLE = Automatic;
				DEVELOPMENT_TEAM = LL334G7KP2;
				INFOPLIST_FILE = "COVID USTests/Info.plist";
				IPHONEOS_DEPLOYMENT_TARGET = 14.0;
				LD_RUNPATH_SEARCH_PATHS = (
					"$(inherited)",
					"@executable_path/Frameworks",
					"@loader_path/Frameworks",
				);
				PRODUCT_BUNDLE_IDENTIFIER = "dev.ajthom.COVID-USTests";
				PRODUCT_NAME = "$(TARGET_NAME)";
				SWIFT_VERSION = 5.0;
				TARGETED_DEVICE_FAMILY = "1,2";
				TEST_HOST = "$(BUILT_PRODUCTS_DIR)/COVID US.app/COVID US";
			};
			name = Debug;
		};
		41FC773A24C0D49100AD93A6 /* Release */ = {
			isa = XCBuildConfiguration;
			buildSettings = {
				ALWAYS_EMBED_SWIFT_STANDARD_LIBRARIES = YES;
				BUNDLE_LOADER = "$(TEST_HOST)";
				CODE_SIGN_STYLE = Automatic;
				DEVELOPMENT_TEAM = LL334G7KP2;
				INFOPLIST_FILE = "COVID USTests/Info.plist";
				IPHONEOS_DEPLOYMENT_TARGET = 14.0;
				LD_RUNPATH_SEARCH_PATHS = (
					"$(inherited)",
					"@executable_path/Frameworks",
					"@loader_path/Frameworks",
				);
				PRODUCT_BUNDLE_IDENTIFIER = "dev.ajthom.COVID-USTests";
				PRODUCT_NAME = "$(TARGET_NAME)";
				SWIFT_VERSION = 5.0;
				TARGETED_DEVICE_FAMILY = "1,2";
				TEST_HOST = "$(BUILT_PRODUCTS_DIR)/COVID US.app/COVID US";
			};
			name = Release;
		};
		41FC773C24C0D49100AD93A6 /* Debug */ = {
			isa = XCBuildConfiguration;
			buildSettings = {
				ALWAYS_EMBED_SWIFT_STANDARD_LIBRARIES = YES;
				CODE_SIGN_STYLE = Automatic;
				DEVELOPMENT_TEAM = LL334G7KP2;
				INFOPLIST_FILE = "COVID USUITests/Info.plist";
				LD_RUNPATH_SEARCH_PATHS = (
					"$(inherited)",
					"@executable_path/Frameworks",
					"@loader_path/Frameworks",
				);
				PRODUCT_BUNDLE_IDENTIFIER = "dev.ajthom.COVID-USUITests";
				PRODUCT_NAME = "$(TARGET_NAME)";
				SWIFT_VERSION = 5.0;
				TARGETED_DEVICE_FAMILY = "1,2";
				TEST_TARGET_NAME = "COVID US";
			};
			name = Debug;
		};
		41FC773D24C0D49100AD93A6 /* Release */ = {
			isa = XCBuildConfiguration;
			buildSettings = {
				ALWAYS_EMBED_SWIFT_STANDARD_LIBRARIES = YES;
				CODE_SIGN_STYLE = Automatic;
				DEVELOPMENT_TEAM = LL334G7KP2;
				INFOPLIST_FILE = "COVID USUITests/Info.plist";
				LD_RUNPATH_SEARCH_PATHS = (
					"$(inherited)",
					"@executable_path/Frameworks",
					"@loader_path/Frameworks",
				);
				PRODUCT_BUNDLE_IDENTIFIER = "dev.ajthom.COVID-USUITests";
				PRODUCT_NAME = "$(TARGET_NAME)";
				SWIFT_VERSION = 5.0;
				TARGETED_DEVICE_FAMILY = "1,2";
				TEST_TARGET_NAME = "COVID US";
			};
			name = Release;
		};
/* End XCBuildConfiguration section */

/* Begin XCConfigurationList section */
		4153613824BE201200050748 /* Build configuration list for PBXProject "CovidKotlinNative" */ = {
			isa = XCConfigurationList;
			buildConfigurations = (
				4153616024BE201300050748 /* Debug */,
				4153616124BE201300050748 /* Release */,
			);
			defaultConfigurationIsVisible = 0;
			defaultConfigurationName = Release;
		};
		4153616224BE201300050748 /* Build configuration list for PBXNativeTarget "CovidKotlinNative" */ = {
			isa = XCConfigurationList;
			buildConfigurations = (
				4153616324BE201300050748 /* Debug */,
				4153616424BE201300050748 /* Release */,
			);
			defaultConfigurationIsVisible = 0;
			defaultConfigurationName = Release;
		};
		4153616524BE201300050748 /* Build configuration list for PBXNativeTarget "CovidKotlinNativeTests" */ = {
			isa = XCConfigurationList;
			buildConfigurations = (
				4153616624BE201300050748 /* Debug */,
				4153616724BE201300050748 /* Release */,
			);
			defaultConfigurationIsVisible = 0;
			defaultConfigurationName = Release;
		};
		4153616824BE201300050748 /* Build configuration list for PBXNativeTarget "CovidKotlinNativeUITests" */ = {
			isa = XCConfigurationList;
			buildConfigurations = (
				4153616924BE201300050748 /* Debug */,
				4153616A24BE201300050748 /* Release */,
			);
			defaultConfigurationIsVisible = 0;
			defaultConfigurationName = Release;
		};
		41BC7D8A24C876550079FE8E /* Build configuration list for PBXNativeTarget "COVID US Mac" */ = {
			isa = XCConfigurationList;
			buildConfigurations = (
				41BC7D8424C876550079FE8E /* Debug */,
				41BC7D8524C876550079FE8E /* Release */,
			);
			defaultConfigurationIsVisible = 0;
			defaultConfigurationName = Release;
		};
		41BC7D8B24C876550079FE8E /* Build configuration list for PBXNativeTarget "COVID US MacTests" */ = {
			isa = XCConfigurationList;
			buildConfigurations = (
				41BC7D8624C876550079FE8E /* Debug */,
				41BC7D8724C876550079FE8E /* Release */,
			);
			defaultConfigurationIsVisible = 0;
			defaultConfigurationName = Release;
		};
		41BC7D8C24C876550079FE8E /* Build configuration list for PBXNativeTarget "COVID US MacUITests" */ = {
			isa = XCConfigurationList;
			buildConfigurations = (
				41BC7D8824C876550079FE8E /* Debug */,
				41BC7D8924C876550079FE8E /* Release */,
			);
			defaultConfigurationIsVisible = 0;
			defaultConfigurationName = Release;
		};
		41FC773524C0D49100AD93A6 /* Build configuration list for PBXNativeTarget "COVID US" */ = {
			isa = XCConfigurationList;
			buildConfigurations = (
				41FC773624C0D49100AD93A6 /* Debug */,
				41FC773724C0D49100AD93A6 /* Release */,
			);
			defaultConfigurationIsVisible = 0;
			defaultConfigurationName = Release;
		};
		41FC773824C0D49100AD93A6 /* Build configuration list for PBXNativeTarget "COVID USTests" */ = {
			isa = XCConfigurationList;
			buildConfigurations = (
				41FC773924C0D49100AD93A6 /* Debug */,
				41FC773A24C0D49100AD93A6 /* Release */,
			);
			defaultConfigurationIsVisible = 0;
			defaultConfigurationName = Release;
		};
		41FC773B24C0D49100AD93A6 /* Build configuration list for PBXNativeTarget "COVID USUITests" */ = {
			isa = XCConfigurationList;
			buildConfigurations = (
				41FC773C24C0D49100AD93A6 /* Debug */,
				41FC773D24C0D49100AD93A6 /* Release */,
			);
			defaultConfigurationIsVisible = 0;
			defaultConfigurationName = Release;
		};
/* End XCConfigurationList section */

/* Begin XCRemoteSwiftPackageReference section */
		41FC770524C0C97700AD93A6 /* XCRemoteSwiftPackageReference "ChartView" */ = {
			isa = XCRemoteSwiftPackageReference;
			repositoryURL = "https://github.com/AppPear/ChartView";
			requirement = {
				kind = upToNextMajorVersion;
				minimumVersion = 1.5.3;
			};
		};
/* End XCRemoteSwiftPackageReference section */

/* Begin XCSwiftPackageProductDependency section */
		41FC770624C0C97700AD93A6 /* SwiftUICharts */ = {
			isa = XCSwiftPackageProductDependency;
			package = 41FC770524C0C97700AD93A6 /* XCRemoteSwiftPackageReference "ChartView" */;
			productName = SwiftUICharts;
		};
		41FC774624C0D55A00AD93A6 /* SwiftUICharts */ = {
			isa = XCSwiftPackageProductDependency;
			package = 41FC770524C0C97700AD93A6 /* XCRemoteSwiftPackageReference "ChartView" */;
			productName = SwiftUICharts;
		};
/* End XCSwiftPackageProductDependency section */
	};
	rootObject = 4153613524BE201200050748 /* Project object */;
}
